// !$*UTF8*$!
{
	archiveVersion = 1;
	classes = {
	};
	objectVersion = 46;
	objects = {

/* Begin PBXBuildFile section */
		1CC147721C24623D0094868F /* AppDelegate.swift in Sources */ = {isa = PBXBuildFile; fileRef = 1CC147711C24623D0094868F /* AppDelegate.swift */; };
		1CC147741C24623D0094868F /* ViewController.swift in Sources */ = {isa = PBXBuildFile; fileRef = 1CC147731C24623D0094868F /* ViewController.swift */; };
		1CC147771C24623D0094868F /* Main.storyboard in Resources */ = {isa = PBXBuildFile; fileRef = 1CC147751C24623D0094868F /* Main.storyboard */; };
		1CC147791C24623D0094868F /* Assets.xcassets in Resources */ = {isa = PBXBuildFile; fileRef = 1CC147781C24623D0094868F /* Assets.xcassets */; };
		1CC1477C1C24623D0094868F /* LaunchScreen.storyboard in Resources */ = {isa = PBXBuildFile; fileRef = 1CC1477A1C24623D0094868F /* LaunchScreen.storyboard */; };
/* End PBXBuildFile section */

/* Begin PBXFileReference section */
		1CC1476E1C24623D0094868F /* wechat.app */ = {isa = PBXFileReference; explicitFileType = wrapper.application; includeInIndex = 0; path = wechat.app; sourceTree = BUILT_PRODUCTS_DIR; };
		1CC147711C24623D0094868F /* AppDelegate.swift */ = {isa = PBXFileReference; lastKnownFileType = sourcecode.swift; path = AppDelegate.swift; sourceTree = "<group>"; };
		1CC147731C24623D0094868F /* ViewController.swift */ = {isa = PBXFileReference; lastKnownFileType = sourcecode.swift; path = ViewController.swift; sourceTree = "<group>"; };
		1CC147761C24623D0094868F /* Base */ = {isa = PBXFileReference; lastKnownFileType = file.storyboard; name = Base; path = Base.lproj/Main.storyboard; sourceTree = "<group>"; };
		1CC147781C24623D0094868F /* Assets.xcassets */ = {isa = PBXFileReference; lastKnownFileType = folder.assetcatalog; path = Assets.xcassets; sourceTree = "<group>"; };
		1CC1477B1C24623D0094868F /* Base */ = {isa = PBXFileReference; lastKnownFileType = file.storyboard; name = Base; path = Base.lproj/LaunchScreen.storyboard; sourceTree = "<group>"; };
		1CC1477D1C24623D0094868F /* Info.plist */ = {isa = PBXFileReference; lastKnownFileType = text.plist.xml; path = Info.plist; sourceTree = "<group>"; };
/* End PBXFileReference section */

/* Begin PBXFrameworksBuildPhase section */
		1CC1476B1C24623D0094868F /* Frameworks */ = {
			isa = PBXFrameworksBuildPhase;
			buildActionMask = 2147483647;
			files = (
			);
			runOnlyForDeploymentPostprocessing = 0;
		};
/* End PBXFrameworksBuildPhase section */

/* Begin PBXGroup section */
		1CC147651C24623D0094868F = {
			isa = PBXGroup;
			children = (
				1CC147701C24623D0094868F /* wechat */,
				1CC1476F1C24623D0094868F /* Products */,
			);
			sourceTree = "<group>";
		};
		1CC1476F1C24623D0094868F /* Products */ = {
			isa = PBXGroup;
			children = (
				1CC1476E1C24623D0094868F /* wechat.app */,
			);
			name = Products;
			sourceTree = "<group>";
		};
		1CC147701C24623D0094868F /* wechat */ = {
			isa = PBXGroup;
			children = (
				1CC147711C24623D0094868F /* AppDelegate.swift */,
				1CC147731C24623D0094868F /* ViewController.swift */,
				1CC147751C24623D0094868F /* Main.storyboard */,
				1CC147781C24623D0094868F /* Assets.xcassets */,
				1CC1477A1C24623D0094868F /* LaunchScreen.storyboard */,
				1CC1477D1C24623D0094868F /* Info.plist */,
			);
			path = wechat;
			sourceTree = "<group>";
		};
/* End PBXGroup section */

/* Begin PBXNativeTarget section */
		1CC1476D1C24623D0094868F /* wechat */ = {
			isa = PBXNativeTarget;
			buildConfigurationList = 1CC147801C24623D0094868F /* Build configuration list for PBXNativeTarget "wechat" */;
			buildPhases = (
				1CC1476A1C24623D0094868F /* Sources */,
				1CC1476B1C24623D0094868F /* Frameworks */,
				1CC1476C1C24623D0094868F /* Resources */,
			);
			buildRules = (
			);
			dependencies = (
			);
			name = wechat;
			productName = wechat;
			productReference = 1CC1476E1C24623D0094868F /* wechat.app */;
			productType = "com.apple.product-type.application";
		};
/* End PBXNativeTarget section */

/* Begin PBXProject section */
		1CC147661C24623D0094868F /* Project object */ = {
			isa = PBXProject;
			attributes = {
				LastSwiftUpdateCheck = 0710;
				LastUpgradeCheck = 0710;
				ORGANIZATIONNAME = xiexz;
				TargetAttributes = {
					1CC1476D1C24623D0094868F = {
						CreatedOnToolsVersion = 7.1.1;
						DevelopmentTeam = W7T7UP9L9L;
					};
				};
			};
			buildConfigurationList = 1CC147691C24623D0094868F /* Build configuration list for PBXProject "wechat" */;
			compatibilityVersion = "Xcode 3.2";
			developmentRegion = English;
			hasScannedForEncodings = 0;
			knownRegions = (
				en,
				Base,
			);
			mainGroup = 1CC147651C24623D0094868F;
			productRefGroup = 1CC1476F1C24623D0094868F /* Products */;
			projectDirPath = "";
			projectRoot = "";
			targets = (
				1CC1476D1C24623D0094868F /* wechat */,
			);
		};
/* End PBXProject section */

/* Begin PBXResourcesBuildPhase section */
		1CC1476C1C24623D0094868F /* Resources */ = {
			isa = PBXResourcesBuildPhase;
			buildActionMask = 2147483647;
			files = (
				1CC1477C1C24623D0094868F /* LaunchScreen.storyboard in Resources */,
				1CC147791C24623D0094868F /* Assets.xcassets in Resources */,
				1CC147771C24623D0094868F /* Main.storyboard in Resources */,
			);
			runOnlyForDeploymentPostprocessing = 0;
		};
/* End PBXResourcesBuildPhase section */

/* Begin PBXSourcesBuildPhase section */
		1CC1476A1C24623D0094868F /* Sources */ = {
			isa = PBXSourcesBuildPhase;
			buildActionMask = 2147483647;
			files = (
				1CC147741C24623D0094868F /* ViewController.swift in Sources */,
				1CC147721C24623D0094868F /* AppDelegate.swift in Sources */,
			);
			runOnlyForDeploymentPostprocessing = 0;
		};
/* End PBXSourcesBuildPhase section */

/* Begin PBXVariantGroup section */
		1CC147751C24623D0094868F /* Main.storyboard */ = {
			isa = PBXVariantGroup;
			children = (
				1CC147761C24623D0094868F /* Base */,
			);
			name = Main.storyboard;
			sourceTree = "<group>";
		};
		1CC1477A1C24623D0094868F /* LaunchScreen.storyboard */ = {
			isa = PBXVariantGroup;
			children = (
				1CC1477B1C24623D0094868F /* Base */,
			);
			name = LaunchScreen.storyboard;
			sourceTree = "<group>";
		};
/* End PBXVariantGroup section */

/* Begin XCBuildConfiguration section */
		1CC1477E1C24623D0094868F /* Debug */ = {
			isa = XCBuildConfiguration;
			buildSettings = {
				ALWAYS_SEARCH_USER_PATHS = NO;
				CLANG_CXX_LANGUAGE_STANDARD = "gnu++0x";
				CLANG_CXX_LIBRARY = "libc++";
				CLANG_ENABLE_MODULES = YES;
				CLANG_ENABLE_OBJC_ARC = YES;
				CLANG_WARN_BOOL_CONVERSION = YES;
				CLANG_WARN_CONSTANT_CONVERSION = YES;
				CLANG_WARN_DIRECT_OBJC_ISA_USAGE = YES_ERROR;
				CLANG_WARN_EMPTY_BODY = YES;
				CLANG_WARN_ENUM_CONVERSION = YES;
				CLANG_WARN_INT_CONVERSION = YES;
				CLANG_WARN_OBJC_ROOT_CLASS = YES_ERROR;
				CLANG_WARN_UNREACHABLE_CODE = YES;
				CLANG_WARN__DUPLICATE_METHOD_MATCH = YES;
				"CODE_SIGN_IDENTITY[sdk=iphoneos*]" = "iPhone Developer";
				COPY_PHASE_STRIP = NO;
				DEBUG_INFORMATION_FORMAT = dwarf;
				ENABLE_STRICT_OBJC_MSGSEND = YES;
				ENABLE_TESTABILITY = YES;
				GCC_C_LANGUAGE_STANDARD = gnu99;
				GCC_DYNAMIC_NO_PIC = NO;
				GCC_NO_COMMON_BLOCKS = YES;
				GCC_OPTIMIZATION_LEVEL = 0;
				GCC_PREPROCESSOR_DEFINITIONS = (
					"DEBUG=1",
					"$(inherited)",
				);
				GCC_WARN_64_TO_32_BIT_CONVERSION = YES;
				GCC_WARN_ABOUT_RETURN_TYPE = YES_ERROR;
				GCC_WARN_UNDECLARED_SELECTOR = YES;
				GCC_WARN_UNINITIALIZED_AUTOS = YES_AGGRESSIVE;
				GCC_WARN_UNUSED_FUNCTION = YES;
				GCC_WARN_UNUSED_VARIABLE = YES;
				IPHONEOS_DEPLOYMENT_TARGET = 9.1;
				MTL_ENABLE_DEBUG_INFO = YES;
				ONLY_ACTIVE_ARCH = YES;
				SDKROOT = iphoneos;
				SWIFT_OPTIMIZATION_LEVEL = "-Onone";
			};
			name = Debug;
		};
		1CC1477F1C24623D0094868F /* Release */ = {
			isa = XCBuildConfiguration;
			buildSettings = {
				ALWAYS_SEARCH_USER_PATHS = NO;
				CLANG_CXX_LANGUAGE_STANDARD = "gnu++0x";
				CLANG_CXX_LIBRARY = "libc++";
				CLANG_ENABLE_MODULES = YES;
				CLANG_ENABLE_OBJC_ARC = YES;
				CLANG_WARN_BOOL_CONVERSION = YES;
				CLANG_WARN_CONSTANT_CONVERSION = YES;
				CLANG_WARN_DIRECT_OBJC_ISA_USAGE = YES_ERROR;
				CLANG_WARN_EMPTY_BODY = YES;
				CLANG_WARN_ENUM_CONVERSION = YES;
				CLANG_WARN_INT_CONVERSION = YES;
				CLANG_WARN_OBJC_ROOT_CLASS = YES_ERROR;
				CLANG_WARN_UNREACHABLE_CODE = YES;
				CLANG_WARN__DUPLICATE_METHOD_MATCH = YES;
				"CODE_SIGN_IDENTITY[sdk=iphoneos*]" = "iPhone Developer";
				COPY_PHASE_STRIP = NO;
				DEBUG_INFORMATION_FORMAT = "dwarf-with-dsym";
				ENABLE_NS_ASSERTIONS = NO;
				ENABLE_STRICT_OBJC_MSGSEND = YES;
				GCC_C_LANGUAGE_STANDARD = gnu99;
				GCC_NO_COMMON_BLOCKS = YES;
				GCC_WARN_64_TO_32_BIT_CONVERSION = YES;
				GCC_WARN_ABOUT_RETURN_TYPE = YES_ERROR;
				GCC_WARN_UNDECLARED_SELECTOR = YES;
				GCC_WARN_UNINITIALIZED_AUTOS = YES_AGGRESSIVE;
				GCC_WARN_UNUSED_FUNCTION = YES;
				GCC_WARN_UNUSED_VARIABLE = YES;
				IPHONEOS_DEPLOYMENT_TARGET = 9.1;
				MTL_ENABLE_DEBUG_INFO = NO;
				SDKROOT = iphoneos;
				VALIDATE_PRODUCT = YES;
			};
			name = Release;
		};
		1CC147811C24623D0094868F /* Debug */ = {
			isa = XCBuildConfiguration;
			buildSettings = {
				ASSETCATALOG_COMPILER_APPICON_NAME = AppIcon;
				INFOPLIST_FILE = wechat/Info.plist;
				LD_RUNPATH_SEARCH_PATHS = "$(inherited) @executable_path/Frameworks";
				PRODUCT_BUNDLE_IDENTIFIER = xxz.wechat;
				PRODUCT_NAME = "$(TARGET_NAME)";
			};
			name = Debug;
		};
		1CC147821C24623D0094868F /* Release */ = {
			isa = XCBuildConfiguration;
			buildSettings = {
				ASSETCATALOG_COMPILER_APPICON_NAME = AppIcon;
				INFOPLIST_FILE = wechat/Info.plist;
				LD_RUNPATH_SEARCH_PATHS = "$(inherited) @executable_path/Frameworks";
				PRODUCT_BUNDLE_IDENTIFIER = xxz.wechat;
				PRODUCT_NAME = "$(TARGET_NAME)";
			};
			name = Release;
		};
/* End XCBuildConfiguration section */

/* Begin XCConfigurationList section */
		1CC147691C24623D0094868F /* Build configuration list for PBXProject "wechat" */ = {
			isa = XCConfigurationList;
			buildConfigurations = (
				1CC1477E1C24623D0094868F /* Debug */,
				1CC1477F1C24623D0094868F /* Release */,
			);
			defaultConfigurationIsVisible = 0;
			defaultConfigurationName = Release;
		};
		1CC147801C24623D0094868F /* Build configuration list for PBXNativeTarget "wechat" */ = {
			isa = XCConfigurationList;
			buildConfigurations = (
				1CC147811C24623D0094868F /* Debug */,
				1CC147821C24623D0094868F /* Release */,
			);
			defaultConfigurationIsVisible = 0;
		};
/* End XCConfigurationList section */
	};
	rootObject = 1CC147661C24623D0094868F /* Project object */;
}
